// !$*UTF8*$!
{
	archiveVersion = 1;
	classes = {
	};
	objectVersion = 50;
	objects = {

/* Begin PBXBuildFile section */
		AA2DB6EF20B7A75D00B81728 /* AppDelegate.swift in Sources */ = {isa = PBXBuildFile; fileRef = AA2DB6EE20B7A75D00B81728 /* AppDelegate.swift */; };
		AA2DB6F120B7A75D00B81728 /* ViewController.swift in Sources */ = {isa = PBXBuildFile; fileRef = AA2DB6F020B7A75D00B81728 /* ViewController.swift */; };
		AA2DB6F420B7A75D00B81728 /* Main.storyboard in Resources */ = {isa = PBXBuildFile; fileRef = AA2DB6F220B7A75D00B81728 /* Main.storyboard */; };
		AA2DB6F620B7A75E00B81728 /* Assets.xcassets in Resources */ = {isa = PBXBuildFile; fileRef = AA2DB6F520B7A75E00B81728 /* Assets.xcassets */; };
		AA2DB6F920B7A75E00B81728 /* LaunchScreen.storyboard in Resources */ = {isa = PBXBuildFile; fileRef = AA2DB6F720B7A75E00B81728 /* LaunchScreen.storyboard */; };
		AA2DB70120B7A79600B81728 /* HXIBView.swift in Sources */ = {isa = PBXBuildFile; fileRef = AA2DB70020B7A79600B81728 /* HXIBView.swift */; };
		AA2DB70620B7AA5100B81728 /* UIView+HXIBKit.swift in Sources */ = {isa = PBXBuildFile; fileRef = AA2DB70520B7AA5100B81728 /* UIView+HXIBKit.swift */; };
		AA2DB70820B7AA9500B81728 /* HXIBImageView.swift in Sources */ = {isa = PBXBuildFile; fileRef = AA2DB70720B7AA9500B81728 /* HXIBImageView.swift */; };
		AA2DB70A20B7AC1A00B81728 /* HXIBLabel.swift in Sources */ = {isa = PBXBuildFile; fileRef = AA2DB70920B7AC1A00B81728 /* HXIBLabel.swift */; };
		AA2DB70C20B7ADB000B81728 /* HXIBTextView.swift in Sources */ = {isa = PBXBuildFile; fileRef = AA2DB70B20B7ADB000B81728 /* HXIBTextView.swift */; };
		AA2DB70E20B7AEC900B81728 /* HXIBButton.swift in Sources */ = {isa = PBXBuildFile; fileRef = AA2DB70D20B7AEC900B81728 /* HXIBButton.swift */; };
		AA2DB71020B7B1FA00B81728 /* HXIBLayoutButton.swift in Sources */ = {isa = PBXBuildFile; fileRef = AA2DB70F20B7B1FA00B81728 /* HXIBLayoutButton.swift */; };
		AA2DB71220B7B27D00B81728 /* HXIBLoadingButton.swift in Sources */ = {isa = PBXBuildFile; fileRef = AA2DB71120B7B27D00B81728 /* HXIBLoadingButton.swift */; };
		AA2DB71420B7B91D00B81728 /* HXIBTextField.swift in Sources */ = {isa = PBXBuildFile; fileRef = AA2DB71320B7B91D00B81728 /* HXIBTextField.swift */; };
/* End PBXBuildFile section */

/* Begin PBXFileReference section */
		AA2DB6EB20B7A75D00B81728 /* HXIBKit.app */ = {isa = PBXFileReference; explicitFileType = wrapper.application; includeInIndex = 0; path = HXIBKit.app; sourceTree = BUILT_PRODUCTS_DIR; };
		AA2DB6EE20B7A75D00B81728 /* AppDelegate.swift */ = {isa = PBXFileReference; lastKnownFileType = sourcecode.swift; path = AppDelegate.swift; sourceTree = "<group>"; };
		AA2DB6F020B7A75D00B81728 /* ViewController.swift */ = {isa = PBXFileReference; lastKnownFileType = sourcecode.swift; path = ViewController.swift; sourceTree = "<group>"; };
		AA2DB6F320B7A75D00B81728 /* Base */ = {isa = PBXFileReference; lastKnownFileType = file.storyboard; name = Base; path = Base.lproj/Main.storyboard; sourceTree = "<group>"; };
		AA2DB6F520B7A75E00B81728 /* Assets.xcassets */ = {isa = PBXFileReference; lastKnownFileType = folder.assetcatalog; path = Assets.xcassets; sourceTree = "<group>"; };
		AA2DB6F820B7A75E00B81728 /* Base */ = {isa = PBXFileReference; lastKnownFileType = file.storyboard; name = Base; path = Base.lproj/LaunchScreen.storyboard; sourceTree = "<group>"; };
		AA2DB6FA20B7A75E00B81728 /* Info.plist */ = {isa = PBXFileReference; lastKnownFileType = text.plist.xml; path = Info.plist; sourceTree = "<group>"; };
		AA2DB70020B7A79600B81728 /* HXIBView.swift */ = {isa = PBXFileReference; lastKnownFileType = sourcecode.swift; path = HXIBView.swift; sourceTree = "<group>"; };
		AA2DB70520B7AA5100B81728 /* UIView+HXIBKit.swift */ = {isa = PBXFileReference; lastKnownFileType = sourcecode.swift; path = "UIView+HXIBKit.swift"; sourceTree = "<group>"; };
		AA2DB70720B7AA9500B81728 /* HXIBImageView.swift */ = {isa = PBXFileReference; lastKnownFileType = sourcecode.swift; path = HXIBImageView.swift; sourceTree = "<group>"; };
		AA2DB70920B7AC1A00B81728 /* HXIBLabel.swift */ = {isa = PBXFileReference; lastKnownFileType = sourcecode.swift; path = HXIBLabel.swift; sourceTree = "<group>"; };
		AA2DB70B20B7ADB000B81728 /* HXIBTextView.swift */ = {isa = PBXFileReference; lastKnownFileType = sourcecode.swift; path = HXIBTextView.swift; sourceTree = "<group>"; };
		AA2DB70D20B7AEC900B81728 /* HXIBButton.swift */ = {isa = PBXFileReference; lastKnownFileType = sourcecode.swift; path = HXIBButton.swift; sourceTree = "<group>"; };
		AA2DB70F20B7B1FA00B81728 /* HXIBLayoutButton.swift */ = {isa = PBXFileReference; lastKnownFileType = sourcecode.swift; path = HXIBLayoutButton.swift; sourceTree = "<group>"; };
		AA2DB71120B7B27D00B81728 /* HXIBLoadingButton.swift */ = {isa = PBXFileReference; lastKnownFileType = sourcecode.swift; path = HXIBLoadingButton.swift; sourceTree = "<group>"; };
		AA2DB71320B7B91D00B81728 /* HXIBTextField.swift */ = {isa = PBXFileReference; lastKnownFileType = sourcecode.swift; path = HXIBTextField.swift; sourceTree = "<group>"; };
/* End PBXFileReference section */

/* Begin PBXFrameworksBuildPhase section */
		AA2DB6E820B7A75D00B81728 /* Frameworks */ = {
			isa = PBXFrameworksBuildPhase;
			buildActionMask = 2147483647;
			files = (
			);
			runOnlyForDeploymentPostprocessing = 0;
		};
/* End PBXFrameworksBuildPhase section */

/* Begin PBXGroup section */
		AA2DB6E220B7A75D00B81728 = {
			isa = PBXGroup;
			children = (
				AA2DB6ED20B7A75D00B81728 /* HXIBKit */,
				AA2DB6EC20B7A75D00B81728 /* Products */,
			);
			sourceTree = "<group>";
		};
		AA2DB6EC20B7A75D00B81728 /* Products */ = {
			isa = PBXGroup;
			children = (
				AA2DB6EB20B7A75D00B81728 /* HXIBKit.app */,
			);
			name = Products;
			sourceTree = "<group>";
		};
		AA2DB6ED20B7A75D00B81728 /* HXIBKit */ = {
			isa = PBXGroup;
			children = (
				AA2DB70220B7A79F00B81728 /* HXIBKit */,
				AA2DB6EE20B7A75D00B81728 /* AppDelegate.swift */,
				AA2DB6F020B7A75D00B81728 /* ViewController.swift */,
				AA2DB6F220B7A75D00B81728 /* Main.storyboard */,
				AA2DB6F520B7A75E00B81728 /* Assets.xcassets */,
				AA2DB6F720B7A75E00B81728 /* LaunchScreen.storyboard */,
				AA2DB6FA20B7A75E00B81728 /* Info.plist */,
			);
			path = HXIBKit;
			sourceTree = "<group>";
		};
		AA2DB70220B7A79F00B81728 /* HXIBKit */ = {
			isa = PBXGroup;
			children = (
				AA2DB70520B7AA5100B81728 /* UIView+HXIBKit.swift */,
				AA2DB70020B7A79600B81728 /* HXIBView.swift */,
				AA2DB70720B7AA9500B81728 /* HXIBImageView.swift */,
				AA2DB70920B7AC1A00B81728 /* HXIBLabel.swift */,
				AA2DB70B20B7ADB000B81728 /* HXIBTextView.swift */,
				AA2DB70D20B7AEC900B81728 /* HXIBButton.swift */,
				AA2DB70F20B7B1FA00B81728 /* HXIBLayoutButton.swift */,
				AA2DB71120B7B27D00B81728 /* HXIBLoadingButton.swift */,
				AA2DB71320B7B91D00B81728 /* HXIBTextField.swift */,
			);
			path = HXIBKit;
			sourceTree = "<group>";
		};
/* End PBXGroup section */

/* Begin PBXNativeTarget section */
		AA2DB6EA20B7A75D00B81728 /* HXIBKit */ = {
			isa = PBXNativeTarget;
			buildConfigurationList = AA2DB6FD20B7A75E00B81728 /* Build configuration list for PBXNativeTarget "HXIBKit" */;
			buildPhases = (
				AA2DB6E720B7A75D00B81728 /* Sources */,
				AA2DB6E820B7A75D00B81728 /* Frameworks */,
				AA2DB6E920B7A75D00B81728 /* Resources */,
			);
			buildRules = (
			);
			dependencies = (
			);
			name = HXIBKit;
			productName = HXIBKit;
			productReference = AA2DB6EB20B7A75D00B81728 /* HXIBKit.app */;
			productType = "com.apple.product-type.application";
		};
/* End PBXNativeTarget section */

/* Begin PBXProject section */
		AA2DB6E320B7A75D00B81728 /* Project object */ = {
			isa = PBXProject;
			attributes = {
				LastSwiftUpdateCheck = 0930;
				LastUpgradeCheck = 0930;
				ORGANIZATIONNAME = WHX;
				TargetAttributes = {
					AA2DB6EA20B7A75D00B81728 = {
						CreatedOnToolsVersion = 9.3;
					};
				};
			};
			buildConfigurationList = AA2DB6E620B7A75D00B81728 /* Build configuration list for PBXProject "HXIBKit" */;
			compatibilityVersion = "Xcode 9.3";
			developmentRegion = en;
			hasScannedForEncodings = 0;
			knownRegions = (
				en,
				Base,
			);
			mainGroup = AA2DB6E220B7A75D00B81728;
			productRefGroup = AA2DB6EC20B7A75D00B81728 /* Products */;
			projectDirPath = "";
			projectRoot = "";
			targets = (
				AA2DB6EA20B7A75D00B81728 /* HXIBKit */,
			);
		};
/* End PBXProject section */

/* Begin PBXResourcesBuildPhase section */
		AA2DB6E920B7A75D00B81728 /* Resources */ = {
			isa = PBXResourcesBuildPhase;
			buildActionMask = 2147483647;
			files = (
				AA2DB6F920B7A75E00B81728 /* LaunchScreen.storyboard in Resources */,
				AA2DB6F620B7A75E00B81728 /* Assets.xcassets in Resources */,
				AA2DB6F420B7A75D00B81728 /* Main.storyboard in Resources */,
			);
			runOnlyForDeploymentPostprocessing = 0;
		};
/* End PBXResourcesBuildPhase section */

/* Begin PBXSourcesBuildPhase section */
		AA2DB6E720B7A75D00B81728 /* Sources */ = {
			isa = PBXSourcesBuildPhase;
			buildActionMask = 2147483647;
			files = (
				AA2DB71020B7B1FA00B81728 /* HXIBLayoutButton.swift in Sources */,
				AA2DB70820B7AA9500B81728 /* HXIBImageView.swift in Sources */,
				AA2DB71420B7B91D00B81728 /* HXIBTextField.swift in Sources */,
				AA2DB70620B7AA5100B81728 /* UIView+HXIBKit.swift in Sources */,
				AA2DB70E20B7AEC900B81728 /* HXIBButton.swift in Sources */,
				AA2DB6F120B7A75D00B81728 /* ViewController.swift in Sources */,
				AA2DB70120B7A79600B81728 /* HXIBView.swift in Sources */,
				AA2DB6EF20B7A75D00B81728 /* AppDelegate.swift in Sources */,
				AA2DB71220B7B27D00B81728 /* HXIBLoadingButton.swift in Sources */,
				AA2DB70C20B7ADB000B81728 /* HXIBTextView.swift in Sources */,
				AA2DB70A20B7AC1A00B81728 /* HXIBLabel.swift in Sources */,
			);
			runOnlyForDeploymentPostprocessing = 0;
		};
/* End PBXSourcesBuildPhase section */

/* Begin PBXVariantGroup section */
		AA2DB6F220B7A75D00B81728 /* Main.storyboard */ = {
			isa = PBXVariantGroup;
			children = (
				AA2DB6F320B7A75D00B81728 /* Base */,
			);
			name = Main.storyboard;
			sourceTree = "<group>";
		};
		AA2DB6F720B7A75E00B81728 /* LaunchScreen.storyboard */ = {
			isa = PBXVariantGroup;
			children = (
				AA2DB6F820B7A75E00B81728 /* Base */,
			);
			name = LaunchScreen.storyboard;
			sourceTree = "<group>";
		};
/* End PBXVariantGroup section */

/* Begin XCBuildConfiguration section */
		AA2DB6FB20B7A75E00B81728 /* Debug */ = {
			isa = XCBuildConfiguration;
			buildSettings = {
				ALWAYS_SEARCH_USER_PATHS = NO;
				CLANG_ANALYZER_NONNULL = YES;
				CLANG_ANALYZER_NUMBER_OBJECT_CONVERSION = YES_AGGRESSIVE;
				CLANG_CXX_LANGUAGE_STANDARD = "gnu++14";
				CLANG_CXX_LIBRARY = "libc++";
				CLANG_ENABLE_MODULES = YES;
				CLANG_ENABLE_OBJC_ARC = YES;
				CLANG_ENABLE_OBJC_WEAK = YES;
				CLANG_WARN_BLOCK_CAPTURE_AUTORELEASING = YES;
				CLANG_WARN_BOOL_CONVERSION = YES;
				CLANG_WARN_COMMA = YES;
				CLANG_WARN_CONSTANT_CONVERSION = YES;
				CLANG_WARN_DEPRECATED_OBJC_IMPLEMENTATIONS = YES;
				CLANG_WARN_DIRECT_OBJC_ISA_USAGE = YES_ERROR;
				CLANG_WARN_DOCUMENTATION_COMMENTS = YES;
				CLANG_WARN_EMPTY_BODY = YES;
				CLANG_WARN_ENUM_CONVERSION = YES;
				CLANG_WARN_INFINITE_RECURSION = YES;
				CLANG_WARN_INT_CONVERSION = YES;
				CLANG_WARN_NON_LITERAL_NULL_CONVERSION = YES;
				CLANG_WARN_OBJC_IMPLICIT_RETAIN_SELF = YES;
				CLANG_WARN_OBJC_LITERAL_CONVERSION = YES;
				CLANG_WARN_OBJC_ROOT_CLASS = YES_ERROR;
				CLANG_WARN_RANGE_LOOP_ANALYSIS = YES;
				CLANG_WARN_STRICT_PROTOTYPES = YES;
				CLANG_WARN_SUSPICIOUS_MOVE = YES;
				CLANG_WARN_UNGUARDED_AVAILABILITY = YES_AGGRESSIVE;
				CLANG_WARN_UNREACHABLE_CODE = YES;
				CLANG_WARN__DUPLICATE_METHOD_MATCH = YES;
				CODE_SIGN_IDENTITY = "iPhone Developer";
				COPY_PHASE_STRIP = NO;
				DEBUG_INFORMATION_FORMAT = dwarf;
				ENABLE_STRICT_OBJC_MSGSEND = YES;
				ENABLE_TESTABILITY = YES;
				GCC_C_LANGUAGE_STANDARD = gnu11;
				GCC_DYNAMIC_NO_PIC = NO;
				GCC_NO_COMMON_BLOCKS = YES;
				GCC_OPTIMIZATION_LEVEL = 0;
				GCC_PREPROCESSOR_DEFINITIONS = (
					"DEBUG=1",
					"$(inherited)",
				);
				GCC_WARN_64_TO_32_BIT_CONVERSION = YES;
				GCC_WARN_ABOUT_RETURN_TYPE = YES_ERROR;
				GCC_WARN_UNDECLARED_SELECTOR = YES;
				GCC_WARN_UNINITIALIZED_AUTOS = YES_AGGRESSIVE;
				GCC_WARN_UNUSED_FUNCTION = YES;
				GCC_WARN_UNUSED_VARIABLE = YES;
				IPHONEOS_DEPLOYMENT_TARGET = 11.3;
				MTL_ENABLE_DEBUG_INFO = YES;
				ONLY_ACTIVE_ARCH = YES;
				SDKROOT = iphoneos;
				SWIFT_ACTIVE_COMPILATION_CONDITIONS = DEBUG;
				SWIFT_OPTIMIZATION_LEVEL = "-Onone";
			};
			name = Debug;
		};
		AA2DB6FC20B7A75E00B81728 /* Release */ = {
			isa = XCBuildConfiguration;
			buildSettings = {
				ALWAYS_SEARCH_USER_PATHS = NO;
				CLANG_ANALYZER_NONNULL = YES;
				CLANG_ANALYZER_NUMBER_OBJECT_CONVERSION = YES_AGGRESSIVE;
				CLANG_CXX_LANGUAGE_STANDARD = "gnu++14";
				CLANG_CXX_LIBRARY = "libc++";
				CLANG_ENABLE_MODULES = YES;
				CLANG_ENABLE_OBJC_ARC = YES;
				CLANG_ENABLE_OBJC_WEAK = YES;
				CLANG_WARN_BLOCK_CAPTURE_AUTORELEASING = YES;
				CLANG_WARN_BOOL_CONVERSION = YES;
				CLANG_WARN_COMMA = YES;
				CLANG_WARN_CONSTANT_CONVERSION = YES;
				CLANG_WARN_DEPRECATED_OBJC_IMPLEMENTATIONS = YES;
				CLANG_WARN_DIRECT_OBJC_ISA_USAGE = YES_ERROR;
				CLANG_WARN_DOCUMENTATION_COMMENTS = YES;
				CLANG_WARN_EMPTY_BODY = YES;
				CLANG_WARN_ENUM_CONVERSION = YES;
				CLANG_WARN_INFINITE_RECURSION = YES;
				CLANG_WARN_INT_CONVERSION = YES;
				CLANG_WARN_NON_LITERAL_NULL_CONVERSION = YES;
				CLANG_WARN_OBJC_IMPLICIT_RETAIN_SELF = YES;
				CLANG_WARN_OBJC_LITERAL_CONVERSION = YES;
				CLANG_WARN_OBJC_ROOT_CLASS = YES_ERROR;
				CLANG_WARN_RANGE_LOOP_ANALYSIS = YES;
				CLANG_WARN_STRICT_PROTOTYPES = YES;
				CLANG_WARN_SUSPICIOUS_MOVE = YES;
				CLANG_WARN_UNGUARDED_AVAILABILITY = YES_AGGRESSIVE;
				CLANG_WARN_UNREACHABLE_CODE = YES;
				CLANG_WARN__DUPLICATE_METHOD_MATCH = YES;
				CODE_SIGN_IDENTITY = "iPhone Developer";
				COPY_PHASE_STRIP = NO;
				DEBUG_INFORMATION_FORMAT = "dwarf-with-dsym";
				ENABLE_NS_ASSERTIONS = NO;
				ENABLE_STRICT_OBJC_MSGSEND = YES;
				GCC_C_LANGUAGE_STANDARD = gnu11;
				GCC_NO_COMMON_BLOCKS = YES;
				GCC_WARN_64_TO_32_BIT_CONVERSION = YES;
				GCC_WARN_ABOUT_RETURN_TYPE = YES_ERROR;
				GCC_WARN_UNDECLARED_SELECTOR = YES;
				GCC_WARN_UNINITIALIZED_AUTOS = YES_AGGRESSIVE;
				GCC_WARN_UNUSED_FUNCTION = YES;
				GCC_WARN_UNUSED_VARIABLE = YES;
				IPHONEOS_DEPLOYMENT_TARGET = 11.3;
				MTL_ENABLE_DEBUG_INFO = NO;
				SDKROOT = iphoneos;
				SWIFT_COMPILATION_MODE = wholemodule;
				SWIFT_OPTIMIZATION_LEVEL = "-O";
				VALIDATE_PRODUCT = YES;
			};
			name = Release;
		};
		AA2DB6FE20B7A75E00B81728 /* Debug */ = {
			isa = XCBuildConfiguration;
			buildSettings = {
				ASSETCATALOG_COMPILER_APPICON_NAME = AppIcon;
				CODE_SIGN_STYLE = Automatic;
				DEVELOPMENT_TEAM = 8L8TDBU7CV;
				INFOPLIST_FILE = HXIBKit/Info.plist;
				LD_RUNPATH_SEARCH_PATHS = (
					"$(inherited)",
					"@executable_path/Frameworks",
				);
				PRODUCT_BUNDLE_IDENTIFIER = com.yingxiang.HXIBKit;
				PRODUCT_NAME = "$(TARGET_NAME)";
				SWIFT_VERSION = 4.0;
				TARGETED_DEVICE_FAMILY = "1,2";
			};
			name = Debug;
		};
		AA2DB6FF20B7A75E00B81728 /* Release */ = {
			isa = XCBuildConfiguration;
			buildSettings = {
				ASSETCATALOG_COMPILER_APPICON_NAME = AppIcon;
				CODE_SIGN_STYLE = Automatic;
				DEVELOPMENT_TEAM = 8L8TDBU7CV;
				INFOPLIST_FILE = HXIBKit/Info.plist;
				LD_RUNPATH_SEARCH_PATHS = (
					"$(inherited)",
					"@executable_path/Frameworks",
				);
				PRODUCT_BUNDLE_IDENTIFIER = com.yingxiang.HXIBKit;
				PRODUCT_NAME = "$(TARGET_NAME)";
				SWIFT_VERSION = 4.0;
				TARGETED_DEVICE_FAMILY = "1,2";
			};
			name = Release;
		};
/* End XCBuildConfiguration section */

/* Begin XCConfigurationList section */
		AA2DB6E620B7A75D00B81728 /* Build configuration list for PBXProject "HXIBKit" */ = {
			isa = XCConfigurationList;
			buildConfigurations = (
				AA2DB6FB20B7A75E00B81728 /* Debug */,
				AA2DB6FC20B7A75E00B81728 /* Release */,
			);
			defaultConfigurationIsVisible = 0;
			defaultConfigurationName = Release;
		};
		AA2DB6FD20B7A75E00B81728 /* Build configuration list for PBXNativeTarget "HXIBKit" */ = {
			isa = XCConfigurationList;
			buildConfigurations = (
				AA2DB6FE20B7A75E00B81728 /* Debug */,
				AA2DB6FF20B7A75E00B81728 /* Release */,
			);
			defaultConfigurationIsVisible = 0;
			defaultConfigurationName = Release;
		};
/* End XCConfigurationList section */
	};
	rootObject = AA2DB6E320B7A75D00B81728 /* Project object */;
}
